<?xml version="1.0" encoding="utf-8"?>
<Project ToolsVersion="4.0" xmlns="http://schemas.microsoft.com/developer/msbuild/2003">
  <ItemGroup>
    <ClCompile Include="MobileColors.cpp" />
    <ClCompile Include="MobileRadar.cpp" />
    <ClCompile Include="MobileRadioName.cpp" />
    <ClCompile Include="MobileSubtitles.cpp" />
    <ClCompile Include="MobileTextBox.cpp" />
    <ClCompile Include="Settings.cpp" />
    <ClCompile Include="Utility.cpp" />
    <ClCompile Include="MobilePlayerInfo.cpp" />
    <ClCompile Include="MobileHud.cpp" />
    <ClCompile Include="MobileMissionTimers.cpp" />
    <ClCompile Include="MobileProgressBar.cpp" />
  </ItemGroup>
  <ItemGroup>
    <ClInclude Include="MobileColors.h" />
    <ClInclude Include="MobileRadar.h" />
    <ClInclude Include="MobileRadioName.h" />
    <ClInclude Include="MobileSubtitles.h" />
    <ClInclude Include="Settings.h" />
    <ClInclude Include="Utility.h" />
    <ClInclude Include="MobilePlayerInfo.h" />
    <ClInclude Include="MobileMissionTimers.h" />
    <ClInclude Include="MobileTextBox.h" />
    <ClInclude Include="MobileProgressBar.h" />
  </ItemGroup>
</Project>